
Microsoft Visual Studio Solution File, Format Version 12.00
# Visual Studio 15
VisualStudioVersion = 15.0.26430.6
MinimumVisualStudioVersion = 10.0.40219.1
Project("{FAE04EC0-301F-11D3-BF4B-00C04F79EFBC}") = "MeetingScheduler", "MeetingScheduler\MeetingScheduler.csproj", "{6F271D8A-3BDC-4BCE-89F6-51116C2DA313}"
EndProject
Project("{FAE04EC0-301F-11D3-BF4B-00C04F79EFBC}") = "MeetingScheduler.Tests", "MeetingScheduler.Tests\MeetingScheduler.Tests.csproj", "{223AA7D8-1353-4D37-AFCC-1C9C5454965D}"
EndProject
Project("{FAE04EC0-301F-11D3-BF4B-00C04F79EFBC}") = "MeetingScheduler.Processor", "MeetingScheduler.Processor\MeetingScheduler.Processor.csproj", "{522559DA-A554-485A-B310-58A03BB07529}"
EndProject
Global
	GlobalSection(SolutionConfigurationPlatforms) = preSolution
		Debug|Any CPU = Debug|Any CPU
		Release|Any CPU = Release|Any CPU
	EndGlobalSection
	GlobalSection(ProjectConfigurationPlatforms) = postSolution
		{6F271D8A-3BDC-4BCE-89F6-51116C2DA313}.Debug|Any CPU.ActiveCfg = Debug|Any CPU
		{6F271D8A-3BDC-4BCE-89F6-51116C2DA313}.Debug|Any CPU.Build.0 = Debug|Any CPU
		{6F271D8A-3BDC-4BCE-89F6-51116C2DA313}.Release|Any CPU.ActiveCfg = Release|Any CPU
		{6F271D8A-3BDC-4BCE-89F6-51116C2DA313}.Release|Any CPU.Build.0 = Release|Any CPU
		{223AA7D8-1353-4D37-AFCC-1C9C5454965D}.Debug|Any CPU.ActiveCfg = Debug|Any CPU
		{223AA7D8-1353-4D37-AFCC-1C9C5454965D}.Debug|Any CPU.Build.0 = Debug|Any CPU
		{223AA7D8-1353-4D37-AFCC-1C9C5454965D}.Release|Any CPU.ActiveCfg = Release|Any CPU
		{223AA7D8-1353-4D37-AFCC-1C9C5454965D}.Release|Any CPU.Build.0 = Release|Any CPU
		{522559DA-A554-485A-B310-58A03BB07529}.Debug|Any CPU.ActiveCfg = Debug|Any CPU
		{522559DA-A554-485A-B310-58A03BB07529}.Debug|Any CPU.Build.0 = Debug|Any CPU
		{522559DA-A554-485A-B310-58A03BB07529}.Release|Any CPU.ActiveCfg = Release|Any CPU
		{522559DA-A554-485A-B310-58A03BB07529}.Release|Any CPU.Build.0 = Release|Any CPU
	EndGlobalSection
	GlobalSection(SolutionProperties) = preSolution
		HideSolutionNode = FALSE
	EndGlobalSection
EndGlobal
